// !$*UTF8*$!
{
	archiveVersion = 1;
	classes = {
	};
	objectVersion = 46;
	objects = {

/* Begin PBXBuildFile section */
		8BB1BE1E1E69B13A000CC7A7 /* AppDelegate.swift in Sources */ = {isa = PBXBuildFile; fileRef = 8BB1BE1D1E69B13A000CC7A7 /* AppDelegate.swift */; };
		8BB1BE201E69B13A000CC7A7 /* ViewController.swift in Sources */ = {isa = PBXBuildFile; fileRef = 8BB1BE1F1E69B13A000CC7A7 /* ViewController.swift */; };
		8BB1BE231E69B13A000CC7A7 /* Main.storyboard in Resources */ = {isa = PBXBuildFile; fileRef = 8BB1BE211E69B13A000CC7A7 /* Main.storyboard */; };
		8BB1BE251E69B13A000CC7A7 /* Assets.xcassets in Resources */ = {isa = PBXBuildFile; fileRef = 8BB1BE241E69B13A000CC7A7 /* Assets.xcassets */; };
		8BB1BE281E69B13A000CC7A7 /* LaunchScreen.storyboard in Resources */ = {isa = PBXBuildFile; fileRef = 8BB1BE261E69B13A000CC7A7 /* LaunchScreen.storyboard */; };
		8BB1BE331E69B13A000CC7A7 /* ScamLoadingViewExampleTests.swift in Sources */ = {isa = PBXBuildFile; fileRef = 8BB1BE321E69B13A000CC7A7 /* ScamLoadingViewExampleTests.swift */; };
/* End PBXBuildFile section */

/* Begin PBXContainerItemProxy section */
		8BB1BE2F1E69B13A000CC7A7 /* PBXContainerItemProxy */ = {
			isa = PBXContainerItemProxy;
			containerPortal = 8BB1BE121E69B139000CC7A7 /* Project object */;
			proxyType = 1;
			remoteGlobalIDString = 8BB1BE191E69B139000CC7A7;
			remoteInfo = ScamLoadingViewExample;
		};
/* End PBXContainerItemProxy section */

/* Begin PBXFileReference section */
		8BB1BE1A1E69B139000CC7A7 /* ScamLoadingViewExample.app */ = {isa = PBXFileReference; explicitFileType = wrapper.application; includeInIndex = 0; path = ScamLoadingViewExample.app; sourceTree = BUILT_PRODUCTS_DIR; };
		8BB1BE1D1E69B13A000CC7A7 /* AppDelegate.swift */ = {isa = PBXFileReference; lastKnownFileType = sourcecode.swift; path = AppDelegate.swift; sourceTree = "<group>"; };
		8BB1BE1F1E69B13A000CC7A7 /* ViewController.swift */ = {isa = PBXFileReference; lastKnownFileType = sourcecode.swift; path = ViewController.swift; sourceTree = "<group>"; };
		8BB1BE221E69B13A000CC7A7 /* Base */ = {isa = PBXFileReference; lastKnownFileType = file.storyboard; name = Base; path = Base.lproj/Main.storyboard; sourceTree = "<group>"; };
		8BB1BE241E69B13A000CC7A7 /* Assets.xcassets */ = {isa = PBXFileReference; lastKnownFileType = folder.assetcatalog; path = Assets.xcassets; sourceTree = "<group>"; };
		8BB1BE271E69B13A000CC7A7 /* Base */ = {isa = PBXFileReference; lastKnownFileType = file.storyboard; name = Base; path = Base.lproj/LaunchScreen.storyboard; sourceTree = "<group>"; };
		8BB1BE291E69B13A000CC7A7 /* Info.plist */ = {isa = PBXFileReference; lastKnownFileType = text.plist.xml; path = Info.plist; sourceTree = "<group>"; };
		8BB1BE2E1E69B13A000CC7A7 /* ScamLoadingViewExampleTests.xctest */ = {isa = PBXFileReference; explicitFileType = wrapper.cfbundle; includeInIndex = 0; path = ScamLoadingViewExampleTests.xctest; sourceTree = BUILT_PRODUCTS_DIR; };
		8BB1BE321E69B13A000CC7A7 /* ScamLoadingViewExampleTests.swift */ = {isa = PBXFileReference; lastKnownFileType = sourcecode.swift; path = ScamLoadingViewExampleTests.swift; sourceTree = "<group>"; };
		8BB1BE341E69B13A000CC7A7 /* Info.plist */ = {isa = PBXFileReference; lastKnownFileType = text.plist.xml; path = Info.plist; sourceTree = "<group>"; };
/* End PBXFileReference section */

/* Begin PBXFrameworksBuildPhase section */
		8BB1BE171E69B139000CC7A7 /* Frameworks */ = {
			isa = PBXFrameworksBuildPhase;
			buildActionMask = 2147483647;
			files = (
			);
			runOnlyForDeploymentPostprocessing = 0;
		};
		8BB1BE2B1E69B13A000CC7A7 /* Frameworks */ = {
			isa = PBXFrameworksBuildPhase;
			buildActionMask = 2147483647;
			files = (
			);
			runOnlyForDeploymentPostprocessing = 0;
		};
/* End PBXFrameworksBuildPhase section */

/* Begin PBXGroup section */
		8BB1BE111E69B139000CC7A7 = {
			isa = PBXGroup;
			children = (
				8BB1BE1C1E69B139000CC7A7 /* ScamLoadingViewExample */,
				8BB1BE311E69B13A000CC7A7 /* ScamLoadingViewExampleTests */,
				8BB1BE1B1E69B139000CC7A7 /* Products */,
			);
			sourceTree = "<group>";
		};
		8BB1BE1B1E69B139000CC7A7 /* Products */ = {
			isa = PBXGroup;
			children = (
				8BB1BE1A1E69B139000CC7A7 /* ScamLoadingViewExample.app */,
				8BB1BE2E1E69B13A000CC7A7 /* ScamLoadingViewExampleTests.xctest */,
			);
			name = Products;
			sourceTree = "<group>";
		};
		8BB1BE1C1E69B139000CC7A7 /* ScamLoadingViewExample */ = {
			isa = PBXGroup;
			children = (
				8BB1BE1D1E69B13A000CC7A7 /* AppDelegate.swift */,
				8BB1BE1F1E69B13A000CC7A7 /* ViewController.swift */,
				8BB1BE211E69B13A000CC7A7 /* Main.storyboard */,
				8BB1BE241E69B13A000CC7A7 /* Assets.xcassets */,
				8BB1BE261E69B13A000CC7A7 /* LaunchScreen.storyboard */,
				8BB1BE291E69B13A000CC7A7 /* Info.plist */,
			);
			path = ScamLoadingViewExample;
			sourceTree = "<group>";
		};
		8BB1BE311E69B13A000CC7A7 /* ScamLoadingViewExampleTests */ = {
			isa = PBXGroup;
			children = (
				8BB1BE321E69B13A000CC7A7 /* ScamLoadingViewExampleTests.swift */,
				8BB1BE341E69B13A000CC7A7 /* Info.plist */,
			);
			path = ScamLoadingViewExampleTests;
			sourceTree = "<group>";
		};
/* End PBXGroup section */

/* Begin PBXNativeTarget section */
		8BB1BE191E69B139000CC7A7 /* ScamLoadingViewExample */ = {
			isa = PBXNativeTarget;
			buildConfigurationList = 8BB1BE371E69B13A000CC7A7 /* Build configuration list for PBXNativeTarget "ScamLoadingViewExample" */;
			buildPhases = (
				8BB1BE161E69B139000CC7A7 /* Sources */,
				8BB1BE171E69B139000CC7A7 /* Frameworks */,
				8BB1BE181E69B139000CC7A7 /* Resources */,
			);
			buildRules = (
			);
			dependencies = (
			);
			name = ScamLoadingViewExample;
			productName = ScamLoadingViewExample;
			productReference = 8BB1BE1A1E69B139000CC7A7 /* ScamLoadingViewExample.app */;
			productType = "com.apple.product-type.application";
		};
		8BB1BE2D1E69B13A000CC7A7 /* ScamLoadingViewExampleTests */ = {
			isa = PBXNativeTarget;
			buildConfigurationList = 8BB1BE3A1E69B13A000CC7A7 /* Build configuration list for PBXNativeTarget "ScamLoadingViewExampleTests" */;
			buildPhases = (
				8BB1BE2A1E69B13A000CC7A7 /* Sources */,
				8BB1BE2B1E69B13A000CC7A7 /* Frameworks */,
				8BB1BE2C1E69B13A000CC7A7 /* Resources */,
			);
			buildRules = (
			);
			dependencies = (
				8BB1BE301E69B13A000CC7A7 /* PBXTargetDependency */,
			);
			name = ScamLoadingViewExampleTests;
			productName = ScamLoadingViewExampleTests;
			productReference = 8BB1BE2E1E69B13A000CC7A7 /* ScamLoadingViewExampleTests.xctest */;
			productType = "com.apple.product-type.bundle.unit-test";
		};
/* End PBXNativeTarget section */

/* Begin PBXProject section */
		8BB1BE121E69B139000CC7A7 /* Project object */ = {
			isa = PBXProject;
			attributes = {
				LastSwiftUpdateCheck = 0820;
				LastUpgradeCheck = 0820;
				ORGANIZATIONNAME = ShuheiSowa;
				TargetAttributes = {
					8BB1BE191E69B139000CC7A7 = {
						CreatedOnToolsVersion = 8.2.1;
						DevelopmentTeam = QY4W4E5Y3P;
						ProvisioningStyle = Automatic;
					};
					8BB1BE2D1E69B13A000CC7A7 = {
						CreatedOnToolsVersion = 8.2.1;
						DevelopmentTeam = QY4W4E5Y3P;
						ProvisioningStyle = Automatic;
						TestTargetID = 8BB1BE191E69B139000CC7A7;
					};
				};
			};
			buildConfigurationList = 8BB1BE151E69B139000CC7A7 /* Build configuration list for PBXProject "ScamLoadingViewExample" */;
			compatibilityVersion = "Xcode 3.2";
			developmentRegion = English;
			hasScannedForEncodings = 0;
			knownRegions = (
				en,
				Base,
			);
			mainGroup = 8BB1BE111E69B139000CC7A7;
			productRefGroup = 8BB1BE1B1E69B139000CC7A7 /* Products */;
			projectDirPath = "";
			projectRoot = "";
			targets = (
				8BB1BE191E69B139000CC7A7 /* ScamLoadingViewExample */,
				8BB1BE2D1E69B13A000CC7A7 /* ScamLoadingViewExampleTests */,
			);
		};
/* End PBXProject section */

/* Begin PBXResourcesBuildPhase section */
		8BB1BE181E69B139000CC7A7 /* Resources */ = {
			isa = PBXResourcesBuildPhase;
			buildActionMask = 2147483647;
			files = (
				8BB1BE281E69B13A000CC7A7 /* LaunchScreen.storyboard in Resources */,
				8BB1BE251E69B13A000CC7A7 /* Assets.xcassets in Resources */,
				8BB1BE231E69B13A000CC7A7 /* Main.storyboard in Resources */,
			);
			runOnlyForDeploymentPostprocessing = 0;
		};
		8BB1BE2C1E69B13A000CC7A7 /* Resources */ = {
			isa = PBXResourcesBuildPhase;
			buildActionMask = 2147483647;
			files = (
			);
			runOnlyForDeploymentPostprocessing = 0;
		};
/* End PBXResourcesBuildPhase section */

/* Begin PBXSourcesBuildPhase section */
		8BB1BE161E69B139000CC7A7 /* Sources */ = {
			isa = PBXSourcesBuildPhase;
			buildActionMask = 2147483647;
			files = (
				8BB1BE201E69B13A000CC7A7 /* ViewController.swift in Sources */,
				8BB1BE1E1E69B13A000CC7A7 /* AppDelegate.swift in Sources */,
			);
			runOnlyForDeploymentPostprocessing = 0;
		};
		8BB1BE2A1E69B13A000CC7A7 /* Sources */ = {
			isa = PBXSourcesBuildPhase;
			buildActionMask = 2147483647;
			files = (
				8BB1BE331E69B13A000CC7A7 /* ScamLoadingViewExampleTests.swift in Sources */,
			);
			runOnlyForDeploymentPostprocessing = 0;
		};
/* End PBXSourcesBuildPhase section */

/* Begin PBXTargetDependency section */
		8BB1BE301E69B13A000CC7A7 /* PBXTargetDependency */ = {
			isa = PBXTargetDependency;
			target = 8BB1BE191E69B139000CC7A7 /* ScamLoadingViewExample */;
			targetProxy = 8BB1BE2F1E69B13A000CC7A7 /* PBXContainerItemProxy */;
		};
/* End PBXTargetDependency section */

/* Begin PBXVariantGroup section */
		8BB1BE211E69B13A000CC7A7 /* Main.storyboard */ = {
			isa = PBXVariantGroup;
			children = (
				8BB1BE221E69B13A000CC7A7 /* Base */,
			);
			name = Main.storyboard;
			sourceTree = "<group>";
		};
		8BB1BE261E69B13A000CC7A7 /* LaunchScreen.storyboard */ = {
			isa = PBXVariantGroup;
			children = (
				8BB1BE271E69B13A000CC7A7 /* Base */,
			);
			name = LaunchScreen.storyboard;
			sourceTree = "<group>";
		};
/* End PBXVariantGroup section */

/* Begin XCBuildConfiguration section */
		8BB1BE351E69B13A000CC7A7 /* Debug */ = {
			isa = XCBuildConfiguration;
			buildSettings = {
				ALWAYS_SEARCH_USER_PATHS = NO;
				CLANG_ANALYZER_NONNULL = YES;
				CLANG_CXX_LANGUAGE_STANDARD = "gnu++0x";
				CLANG_CXX_LIBRARY = "libc++";
				CLANG_ENABLE_MODULES = YES;
				CLANG_ENABLE_OBJC_ARC = YES;
				CLANG_WARN_BOOL_CONVERSION = YES;
				CLANG_WARN_CONSTANT_CONVERSION = YES;
				CLANG_WARN_DIRECT_OBJC_ISA_USAGE = YES_ERROR;
				CLANG_WARN_DOCUMENTATION_COMMENTS = YES;
				CLANG_WARN_EMPTY_BODY = YES;
				CLANG_WARN_ENUM_CONVERSION = YES;
				CLANG_WARN_INFINITE_RECURSION = YES;
				CLANG_WARN_INT_CONVERSION = YES;
				CLANG_WARN_OBJC_ROOT_CLASS = YES_ERROR;
				CLANG_WARN_SUSPICIOUS_MOVE = YES;
				CLANG_WARN_UNREACHABLE_CODE = YES;
				CLANG_WARN__DUPLICATE_METHOD_MATCH = YES;
				"CODE_SIGN_IDENTITY[sdk=iphoneos*]" = "iPhone Developer";
				COPY_PHASE_STRIP = NO;
				DEBUG_INFORMATION_FORMAT = dwarf;
				ENABLE_STRICT_OBJC_MSGSEND = YES;
				ENABLE_TESTABILITY = YES;
				GCC_C_LANGUAGE_STANDARD = gnu99;
				GCC_DYNAMIC_NO_PIC = NO;
				GCC_NO_COMMON_BLOCKS = YES;
				GCC_OPTIMIZATION_LEVEL = 0;
				GCC_PREPROCESSOR_DEFINITIONS = (
					"DEBUG=1",
					"$(inherited)",
				);
				GCC_WARN_64_TO_32_BIT_CONVERSION = YES;
				GCC_WARN_ABOUT_RETURN_TYPE = YES_ERROR;
				GCC_WARN_UNDECLARED_SELECTOR = YES;
				GCC_WARN_UNINITIALIZED_AUTOS = YES_AGGRESSIVE;
				GCC_WARN_UNUSED_FUNCTION = YES;
				GCC_WARN_UNUSED_VARIABLE = YES;
				IPHONEOS_DEPLOYMENT_TARGET = 10.2;
				MTL_ENABLE_DEBUG_INFO = YES;
				ONLY_ACTIVE_ARCH = YES;
				SDKROOT = iphoneos;
				SWIFT_ACTIVE_COMPILATION_CONDITIONS = DEBUG;
				SWIFT_OPTIMIZATION_LEVEL = "-Onone";
			};
			name = Debug;
		};
		8BB1BE361E69B13A000CC7A7 /* Release */ = {
			isa = XCBuildConfiguration;
			buildSettings = {
				ALWAYS_SEARCH_USER_PATHS = NO;
				CLANG_ANALYZER_NONNULL = YES;
				CLANG_CXX_LANGUAGE_STANDARD = "gnu++0x";
				CLANG_CXX_LIBRARY = "libc++";
				CLANG_ENABLE_MODULES = YES;
				CLANG_ENABLE_OBJC_ARC = YES;
				CLANG_WARN_BOOL_CONVERSION = YES;
				CLANG_WARN_CONSTANT_CONVERSION = YES;
				CLANG_WARN_DIRECT_OBJC_ISA_USAGE = YES_ERROR;
				CLANG_WARN_DOCUMENTATION_COMMENTS = YES;
				CLANG_WARN_EMPTY_BODY = YES;
				CLANG_WARN_ENUM_CONVERSION = YES;
				CLANG_WARN_INFINITE_RECURSION = YES;
				CLANG_WARN_INT_CONVERSION = YES;
				CLANG_WARN_OBJC_ROOT_CLASS = YES_ERROR;
				CLANG_WARN_SUSPICIOUS_MOVE = YES;
				CLANG_WARN_UNREACHABLE_CODE = YES;
				CLANG_WARN__DUPLICATE_METHOD_MATCH = YES;
				"CODE_SIGN_IDENTITY[sdk=iphoneos*]" = "iPhone Developer";
				COPY_PHASE_STRIP = NO;
				DEBUG_INFORMATION_FORMAT = "dwarf-with-dsym";
				ENABLE_NS_ASSERTIONS = NO;
				ENABLE_STRICT_OBJC_MSGSEND = YES;
				GCC_C_LANGUAGE_STANDARD = gnu99;
				GCC_NO_COMMON_BLOCKS = YES;
				GCC_WARN_64_TO_32_BIT_CONVERSION = YES;
				GCC_WARN_ABOUT_RETURN_TYPE = YES_ERROR;
				GCC_WARN_UNDECLARED_SELECTOR = YES;
				GCC_WARN_UNINITIALIZED_AUTOS = YES_AGGRESSIVE;
				GCC_WARN_UNUSED_FUNCTION = YES;
				GCC_WARN_UNUSED_VARIABLE = YES;
				IPHONEOS_DEPLOYMENT_TARGET = 10.2;
				MTL_ENABLE_DEBUG_INFO = NO;
				SDKROOT = iphoneos;
				SWIFT_OPTIMIZATION_LEVEL = "-Owholemodule";
				VALIDATE_PRODUCT = YES;
			};
			name = Release;
		};
		8BB1BE381E69B13A000CC7A7 /* Debug */ = {
			isa = XCBuildConfiguration;
			buildSettings = {
				ASSETCATALOG_COMPILER_APPICON_NAME = AppIcon;
				DEVELOPMENT_TEAM = QY4W4E5Y3P;
				INFOPLIST_FILE = ScamLoadingViewExample/Info.plist;
				LD_RUNPATH_SEARCH_PATHS = "$(inherited) @executable_path/Frameworks";
				PRODUCT_BUNDLE_IDENTIFIER = deeptoneworks.ScamLoadingViewExample;
				PRODUCT_NAME = "$(TARGET_NAME)";
				SWIFT_VERSION = 3.0;
			};
			name = Debug;
		};
		8BB1BE391E69B13A000CC7A7 /* Release */ = {
			isa = XCBuildConfiguration;
			buildSettings = {
				ASSETCATALOG_COMPILER_APPICON_NAME = AppIcon;
				DEVELOPMENT_TEAM = QY4W4E5Y3P;
				INFOPLIST_FILE = ScamLoadingViewExample/Info.plist;
				LD_RUNPATH_SEARCH_PATHS = "$(inherited) @executable_path/Frameworks";
				PRODUCT_BUNDLE_IDENTIFIER = deeptoneworks.ScamLoadingViewExample;
				PRODUCT_NAME = "$(TARGET_NAME)";
				SWIFT_VERSION = 3.0;
			};
			name = Release;
		};
		8BB1BE3B1E69B13A000CC7A7 /* Debug */ = {
			isa = XCBuildConfiguration;
			buildSettings = {
				ALWAYS_EMBED_SWIFT_STANDARD_LIBRARIES = YES;
				BUNDLE_LOADER = "$(TEST_HOST)";
				DEVELOPMENT_TEAM = QY4W4E5Y3P;
				INFOPLIST_FILE = ScamLoadingViewExampleTests/Info.plist;
				LD_RUNPATH_SEARCH_PATHS = "$(inherited) @executable_path/Frameworks @loader_path/Frameworks";
				PRODUCT_BUNDLE_IDENTIFIER = deeptoneworks.ScamLoadingViewExampleTests;
				PRODUCT_NAME = "$(TARGET_NAME)";
				SWIFT_VERSION = 3.0;
				TEST_HOST = "$(BUILT_PRODUCTS_DIR)/ScamLoadingViewExample.app/ScamLoadingViewExample";
			};
			name = Debug;
		};
		8BB1BE3C1E69B13A000CC7A7 /* Release */ = {
			isa = XCBuildConfiguration;
			buildSettings = {
				ALWAYS_EMBED_SWIFT_STANDARD_LIBRARIES = YES;
				BUNDLE_LOADER = "$(TEST_HOST)";
				DEVELOPMENT_TEAM = QY4W4E5Y3P;
				INFOPLIST_FILE = ScamLoadingViewExampleTests/Info.plist;
				LD_RUNPATH_SEARCH_PATHS = "$(inherited) @executable_path/Frameworks @loader_path/Frameworks";
				PRODUCT_BUNDLE_IDENTIFIER = deeptoneworks.ScamLoadingViewExampleTests;
				PRODUCT_NAME = "$(TARGET_NAME)";
				SWIFT_VERSION = 3.0;
				TEST_HOST = "$(BUILT_PRODUCTS_DIR)/ScamLoadingViewExample.app/ScamLoadingViewExample";
			};
			name = Release;
		};
/* End XCBuildConfiguration section */

/* Begin XCConfigurationList section */
		8BB1BE151E69B139000CC7A7 /* Build configuration list for PBXProject "ScamLoadingViewExample" */ = {
			isa = XCConfigurationList;
			buildConfigurations = (
				8BB1BE351E69B13A000CC7A7 /* Debug */,
				8BB1BE361E69B13A000CC7A7 /* Release */,
			);
			defaultConfigurationIsVisible = 0;
			defaultConfigurationName = Release;
		};
		8BB1BE371E69B13A000CC7A7 /* Build configuration list for PBXNativeTarget "ScamLoadingViewExample" */ = {
			isa = XCConfigurationList;
			buildConfigurations = (
				8BB1BE381E69B13A000CC7A7 /* Debug */,
				8BB1BE391E69B13A000CC7A7 /* Release */,
			);
			defaultConfigurationIsVisible = 0;
		};
		8BB1BE3A1E69B13A000CC7A7 /* Build configuration list for PBXNativeTarget "ScamLoadingViewExampleTests" */ = {
			isa = XCConfigurationList;
			buildConfigurations = (
				8BB1BE3B1E69B13A000CC7A7 /* Debug */,
				8BB1BE3C1E69B13A000CC7A7 /* Release */,
			);
			defaultConfigurationIsVisible = 0;
		};
/* End XCConfigurationList section */
	};
	rootObject = 8BB1BE121E69B139000CC7A7 /* Project object */;
}
